// !$*UTF8*$!
{
	archiveVersion = 1;
	classes = {
	};
	objectVersion = 50;
	objects = {

/* Begin PBXBuildFile section */
		788D5F0E215ACD3100522904 /* JSONAPIModel.framework in Frameworks */ = {isa = PBXBuildFile; fileRef = 788D5F04215ACD3100522904 /* JSONAPIModel.framework */; };
		788D5F13215ACD3100522904 /* JSONAPIModelTests.swift in Sources */ = {isa = PBXBuildFile; fileRef = 788D5F12215ACD3100522904 /* JSONAPIModelTests.swift */; };
		788D5F15215ACD3100522904 /* JSONAPIModel.h in Headers */ = {isa = PBXBuildFile; fileRef = 788D5F07215ACD3100522904 /* JSONAPIModel.h */; settings = {ATTRIBUTES = (Public, ); }; };
		788D5F26215AD0CC00522904 /* JSONAPIFactory.swift in Sources */ = {isa = PBXBuildFile; fileRef = 788D5F1E215AD0CB00522904 /* JSONAPIFactory.swift */; };
		788D5F27215AD0CC00522904 /* JSONAPISerializer.swift in Sources */ = {isa = PBXBuildFile; fileRef = 788D5F1F215AD0CB00522904 /* JSONAPISerializer.swift */; };
		788D5F29215AD0CC00522904 /* JSONMappings.swift in Sources */ = {isa = PBXBuildFile; fileRef = 788D5F21215AD0CC00522904 /* JSONMappings.swift */; };
		788D5F2A215AD0CC00522904 /* Transform.swift in Sources */ = {isa = PBXBuildFile; fileRef = 788D5F22215AD0CC00522904 /* Transform.swift */; };
		788D5F2B215AD0CC00522904 /* JSONAPIMetadata.swift in Sources */ = {isa = PBXBuildFile; fileRef = 788D5F23215AD0CC00522904 /* JSONAPIMetadata.swift */; };
		788D5F2C215AD0CC00522904 /* JSONAPIModelType.swift in Sources */ = {isa = PBXBuildFile; fileRef = 788D5F24215AD0CC00522904 /* JSONAPIModelType.swift */; };
		788D5F2D215AD0CC00522904 /* JSONAPIStore.swift in Sources */ = {isa = PBXBuildFile; fileRef = 788D5F25215AD0CC00522904 /* JSONAPIStore.swift */; };
		788D5F49215AD52D00522904 /* SwiftyJSON.framework in Frameworks */ = {isa = PBXBuildFile; fileRef = 788D5F48215AD52D00522904 /* SwiftyJSON.framework */; };
		788D5F51215AD86300522904 /* DefaultJSONAPIFactory.swift in Sources */ = {isa = PBXBuildFile; fileRef = 788D5F4F215AD83100522904 /* DefaultJSONAPIFactory.swift */; };
		788D5F52215AD86500522904 /* ClassRoom.swift in Sources */ = {isa = PBXBuildFile; fileRef = 788D5F4D215AD7AA00522904 /* ClassRoom.swift */; };
		788D5F53215AD86800522904 /* Student.swift in Sources */ = {isa = PBXBuildFile; fileRef = 788D5F4B215AD6FB00522904 /* Student.swift */; };
		788D5F5A215AE26000522904 /* Book.swift in Sources */ = {isa = PBXBuildFile; fileRef = 788D5F59215AE26000522904 /* Book.swift */; };
		788D5F5B215AE3D500522904 /* payload.json in Resources */ = {isa = PBXBuildFile; fileRef = 788D5F58215AE11100522904 /* payload.json */; };
/* End PBXBuildFile section */

/* Begin PBXContainerItemProxy section */
		788D5F0F215ACD3100522904 /* PBXContainerItemProxy */ = {
			isa = PBXContainerItemProxy;
			containerPortal = 788D5EFB215ACD3100522904 /* Project object */;
			proxyType = 1;
			remoteGlobalIDString = 788D5F03215ACD3100522904;
			remoteInfo = JSONAPIModel;
		};
/* End PBXContainerItemProxy section */

/* Begin PBXFileReference section */
		788D5F04215ACD3100522904 /* JSONAPIModel.framework */ = {isa = PBXFileReference; explicitFileType = wrapper.framework; includeInIndex = 0; path = JSONAPIModel.framework; sourceTree = BUILT_PRODUCTS_DIR; };
		788D5F07215ACD3100522904 /* JSONAPIModel.h */ = {isa = PBXFileReference; lastKnownFileType = sourcecode.c.h; path = JSONAPIModel.h; sourceTree = "<group>"; };
		788D5F08215ACD3100522904 /* Info.plist */ = {isa = PBXFileReference; lastKnownFileType = text.plist.xml; path = Info.plist; sourceTree = "<group>"; };
		788D5F0D215ACD3100522904 /* JSONAPIModel-iOSTests.xctest */ = {isa = PBXFileReference; explicitFileType = wrapper.cfbundle; includeInIndex = 0; path = "JSONAPIModel-iOSTests.xctest"; sourceTree = BUILT_PRODUCTS_DIR; };
		788D5F12215ACD3100522904 /* JSONAPIModelTests.swift */ = {isa = PBXFileReference; lastKnownFileType = sourcecode.swift; path = JSONAPIModelTests.swift; sourceTree = "<group>"; };
		788D5F14215ACD3100522904 /* Info.plist */ = {isa = PBXFileReference; lastKnownFileType = text.plist.xml; path = Info.plist; sourceTree = "<group>"; };
		788D5F1E215AD0CB00522904 /* JSONAPIFactory.swift */ = {isa = PBXFileReference; fileEncoding = 4; lastKnownFileType = sourcecode.swift; path = JSONAPIFactory.swift; sourceTree = "<group>"; };
		788D5F1F215AD0CB00522904 /* JSONAPISerializer.swift */ = {isa = PBXFileReference; fileEncoding = 4; lastKnownFileType = sourcecode.swift; path = JSONAPISerializer.swift; sourceTree = "<group>"; };
		788D5F21215AD0CC00522904 /* JSONMappings.swift */ = {isa = PBXFileReference; fileEncoding = 4; lastKnownFileType = sourcecode.swift; path = JSONMappings.swift; sourceTree = "<group>"; };
		788D5F22215AD0CC00522904 /* Transform.swift */ = {isa = PBXFileReference; fileEncoding = 4; lastKnownFileType = sourcecode.swift; path = Transform.swift; sourceTree = "<group>"; };
		788D5F23215AD0CC00522904 /* JSONAPIMetadata.swift */ = {isa = PBXFileReference; fileEncoding = 4; lastKnownFileType = sourcecode.swift; path = JSONAPIMetadata.swift; sourceTree = "<group>"; };
		788D5F24215AD0CC00522904 /* JSONAPIModelType.swift */ = {isa = PBXFileReference; fileEncoding = 4; lastKnownFileType = sourcecode.swift; path = JSONAPIModelType.swift; sourceTree = "<group>"; };
		788D5F25215AD0CC00522904 /* JSONAPIStore.swift */ = {isa = PBXFileReference; fileEncoding = 4; lastKnownFileType = sourcecode.swift; path = JSONAPIStore.swift; sourceTree = "<group>"; };
		788D5F48215AD52D00522904 /* SwiftyJSON.framework */ = {isa = PBXFileReference; explicitFileType = wrapper.framework; path = SwiftyJSON.framework; sourceTree = BUILT_PRODUCTS_DIR; };
		788D5F4B215AD6FB00522904 /* Student.swift */ = {isa = PBXFileReference; lastKnownFileType = sourcecode.swift; path = Student.swift; sourceTree = "<group>"; };
		788D5F4D215AD7AA00522904 /* ClassRoom.swift */ = {isa = PBXFileReference; lastKnownFileType = sourcecode.swift; path = ClassRoom.swift; sourceTree = "<group>"; };
		788D5F4F215AD83100522904 /* DefaultJSONAPIFactory.swift */ = {isa = PBXFileReference; lastKnownFileType = sourcecode.swift; path = DefaultJSONAPIFactory.swift; sourceTree = "<group>"; };
		788D5F58215AE11100522904 /* payload.json */ = {isa = PBXFileReference; lastKnownFileType = text.json; path = payload.json; sourceTree = "<group>"; };
		788D5F59215AE26000522904 /* Book.swift */ = {isa = PBXFileReference; lastKnownFileType = sourcecode.swift; path = Book.swift; sourceTree = "<group>"; };
/* End PBXFileReference section */

/* Begin PBXFrameworksBuildPhase section */
		788D5F01215ACD3100522904 /* Frameworks */ = {
			isa = PBXFrameworksBuildPhase;
			buildActionMask = 2147483647;
			files = (
				788D5F49215AD52D00522904 /* SwiftyJSON.framework in Frameworks */,
			);
			runOnlyForDeploymentPostprocessing = 0;
		};
		788D5F0A215ACD3100522904 /* Frameworks */ = {
			isa = PBXFrameworksBuildPhase;
			buildActionMask = 2147483647;
			files = (
				788D5F0E215ACD3100522904 /* JSONAPIModel.framework in Frameworks */,
			);
			runOnlyForDeploymentPostprocessing = 0;
		};
/* End PBXFrameworksBuildPhase section */

/* Begin PBXGroup section */
		788D5EFA215ACD3100522904 = {
			isa = PBXGroup;
			children = (
				788D5F06215ACD3100522904 /* JSONAPIModel */,
				788D5F11215ACD3100522904 /* JSONAPIModelTests */,
				788D5F05215ACD3100522904 /* Products */,
				788D5F47215AD52D00522904 /* Frameworks */,
			);
			sourceTree = "<group>";
		};
		788D5F05215ACD3100522904 /* Products */ = {
			isa = PBXGroup;
			children = (
				788D5F04215ACD3100522904 /* JSONAPIModel.framework */,
				788D5F0D215ACD3100522904 /* JSONAPIModel-iOSTests.xctest */,
			);
			name = Products;
			sourceTree = "<group>";
		};
		788D5F06215ACD3100522904 /* JSONAPIModel */ = {
			isa = PBXGroup;
			children = (
				788D5F07215ACD3100522904 /* JSONAPIModel.h */,
				788D5F1E215AD0CB00522904 /* JSONAPIFactory.swift */,
				788D5F23215AD0CC00522904 /* JSONAPIMetadata.swift */,
				788D5F24215AD0CC00522904 /* JSONAPIModelType.swift */,
				788D5F1F215AD0CB00522904 /* JSONAPISerializer.swift */,
				788D5F25215AD0CC00522904 /* JSONAPIStore.swift */,
				788D5F21215AD0CC00522904 /* JSONMappings.swift */,
				788D5F22215AD0CC00522904 /* Transform.swift */,
				788D5F08215ACD3100522904 /* Info.plist */,
			);
			path = JSONAPIModel;
			sourceTree = "<group>";
		};
		788D5F11215ACD3100522904 /* JSONAPIModelTests */ = {
			isa = PBXGroup;
			children = (
				788D5F54215ADA8500522904 /* Fixtures */,
				788D5F4A215AD6CE00522904 /* Models */,
				788D5F12215ACD3100522904 /* JSONAPIModelTests.swift */,
				788D5F14215ACD3100522904 /* Info.plist */,
			);
			path = JSONAPIModelTests;
			sourceTree = "<group>";
		};
		788D5F47215AD52D00522904 /* Frameworks */ = {
			isa = PBXGroup;
			children = (
				788D5F48215AD52D00522904 /* SwiftyJSON.framework */,
			);
			name = Frameworks;
			sourceTree = "<group>";
		};
		788D5F4A215AD6CE00522904 /* Models */ = {
			isa = PBXGroup;
			children = (
				788D5F59215AE26000522904 /* Book.swift */,
				788D5F4B215AD6FB00522904 /* Student.swift */,
				788D5F4D215AD7AA00522904 /* ClassRoom.swift */,
				788D5F4F215AD83100522904 /* DefaultJSONAPIFactory.swift */,
			);
			path = Models;
			sourceTree = "<group>";
		};
		788D5F54215ADA8500522904 /* Fixtures */ = {
			isa = PBXGroup;
			children = (
				788D5F58215AE11100522904 /* payload.json */,
			);
			path = Fixtures;
			sourceTree = "<group>";
		};
/* End PBXGroup section */

/* Begin PBXHeadersBuildPhase section */
		788D5EFF215ACD3100522904 /* Headers */ = {
			isa = PBXHeadersBuildPhase;
			buildActionMask = 2147483647;
			files = (
				788D5F15215ACD3100522904 /* JSONAPIModel.h in Headers */,
			);
			runOnlyForDeploymentPostprocessing = 0;
		};
/* End PBXHeadersBuildPhase section */

/* Begin PBXNativeTarget section */
		788D5F03215ACD3100522904 /* JSONAPIModel-iOS */ = {
			isa = PBXNativeTarget;
			buildConfigurationList = 788D5F18215ACD3100522904 /* Build configuration list for PBXNativeTarget "JSONAPIModel-iOS" */;
			buildPhases = (
				788D5EFF215ACD3100522904 /* Headers */,
				788D5F00215ACD3100522904 /* Sources */,
				788D5F01215ACD3100522904 /* Frameworks */,
				788D5F02215ACD3100522904 /* Resources */,
			);
			buildRules = (
			);
			dependencies = (
			);
			name = "JSONAPIModel-iOS";
			productName = JSONAPIModel;
			productReference = 788D5F04215ACD3100522904 /* JSONAPIModel.framework */;
			productType = "com.apple.product-type.framework";
		};
		788D5F0C215ACD3100522904 /* JSONAPIModel-iOSTests */ = {
			isa = PBXNativeTarget;
			buildConfigurationList = 788D5F1B215ACD3100522904 /* Build configuration list for PBXNativeTarget "JSONAPIModel-iOSTests" */;
			buildPhases = (
				788D5F09215ACD3100522904 /* Sources */,
				788D5F0A215ACD3100522904 /* Frameworks */,
				788D5F0B215ACD3100522904 /* Resources */,
			);
			buildRules = (
			);
			dependencies = (
				788D5F10215ACD3100522904 /* PBXTargetDependency */,
			);
			name = "JSONAPIModel-iOSTests";
			productName = JSONAPIModelTests;
			productReference = 788D5F0D215ACD3100522904 /* JSONAPIModel-iOSTests.xctest */;
			productType = "com.apple.product-type.bundle.unit-test";
		};
/* End PBXNativeTarget section */

/* Begin PBXProject section */
		788D5EFB215ACD3100522904 /* Project object */ = {
			isa = PBXProject;
			attributes = {
				LastSwiftUpdateCheck = 1000;
				LastUpgradeCheck = 1000;
				ORGANIZATIONNAME = "Envoy Inc.";
				TargetAttributes = {
					788D5F03215ACD3100522904 = {
						CreatedOnToolsVersion = 10.0;
						LastSwiftMigration = 1000;
					};
					788D5F0C215ACD3100522904 = {
						CreatedOnToolsVersion = 10.0;
					};
				};
			};
			buildConfigurationList = 788D5EFE215ACD3100522904 /* Build configuration list for PBXProject "JSONAPIModel" */;
			compatibilityVersion = "Xcode 9.3";
			developmentRegion = en;
			hasScannedForEncodings = 0;
			knownRegions = (
				en,
			);
			mainGroup = 788D5EFA215ACD3100522904;
			productRefGroup = 788D5F05215ACD3100522904 /* Products */;
			projectDirPath = "";
			projectRoot = "";
			targets = (
				788D5F03215ACD3100522904 /* JSONAPIModel-iOS */,
				788D5F0C215ACD3100522904 /* JSONAPIModel-iOSTests */,
			);
		};
/* End PBXProject section */

/* Begin PBXResourcesBuildPhase section */
		788D5F02215ACD3100522904 /* Resources */ = {
			isa = PBXResourcesBuildPhase;
			buildActionMask = 2147483647;
			files = (
			);
			runOnlyForDeploymentPostprocessing = 0;
		};
		788D5F0B215ACD3100522904 /* Resources */ = {
			isa = PBXResourcesBuildPhase;
			buildActionMask = 2147483647;
			files = (
				788D5F5B215AE3D500522904 /* payload.json in Resources */,
			);
			runOnlyForDeploymentPostprocessing = 0;
		};
/* End PBXResourcesBuildPhase section */

/* Begin PBXSourcesBuildPhase section */
		788D5F00215ACD3100522904 /* Sources */ = {
			isa = PBXSourcesBuildPhase;
			buildActionMask = 2147483647;
			files = (
				788D5F2C215AD0CC00522904 /* JSONAPIModelType.swift in Sources */,
				788D5F27215AD0CC00522904 /* JSONAPISerializer.swift in Sources */,
				788D5F26215AD0CC00522904 /* JSONAPIFactory.swift in Sources */,
				788D5F2A215AD0CC00522904 /* Transform.swift in Sources */,
				788D5F29215AD0CC00522904 /* JSONMappings.swift in Sources */,
				788D5F2D215AD0CC00522904 /* JSONAPIStore.swift in Sources */,
				788D5F2B215AD0CC00522904 /* JSONAPIMetadata.swift in Sources */,
			);
			runOnlyForDeploymentPostprocessing = 0;
		};
		788D5F09215ACD3100522904 /* Sources */ = {
			isa = PBXSourcesBuildPhase;
			buildActionMask = 2147483647;
			files = (
				788D5F52215AD86500522904 /* ClassRoom.swift in Sources */,
				788D5F13215ACD3100522904 /* JSONAPIModelTests.swift in Sources */,
				788D5F5A215AE26000522904 /* Book.swift in Sources */,
				788D5F51215AD86300522904 /* DefaultJSONAPIFactory.swift in Sources */,
				788D5F53215AD86800522904 /* Student.swift in Sources */,
			);
			runOnlyForDeploymentPostprocessing = 0;
		};
/* End PBXSourcesBuildPhase section */

/* Begin PBXTargetDependency section */
		788D5F10215ACD3100522904 /* PBXTargetDependency */ = {
			isa = PBXTargetDependency;
			target = 788D5F03215ACD3100522904 /* JSONAPIModel-iOS */;
			targetProxy = 788D5F0F215ACD3100522904 /* PBXContainerItemProxy */;
		};
/* End PBXTargetDependency section */

/* Begin XCBuildConfiguration section */
		788D5F16215ACD3100522904 /* Debug */ = {
			isa = XCBuildConfiguration;
			buildSettings = {
				ALWAYS_SEARCH_USER_PATHS = NO;
				CLANG_ANALYZER_NONNULL = YES;
				CLANG_ANALYZER_NUMBER_OBJECT_CONVERSION = YES_AGGRESSIVE;
				CLANG_CXX_LANGUAGE_STANDARD = "gnu++14";
				CLANG_CXX_LIBRARY = "libc++";
				CLANG_ENABLE_MODULES = YES;
				CLANG_ENABLE_OBJC_ARC = YES;
				CLANG_ENABLE_OBJC_WEAK = YES;
				CLANG_WARN_BLOCK_CAPTURE_AUTORELEASING = YES;
				CLANG_WARN_BOOL_CONVERSION = YES;
				CLANG_WARN_COMMA = YES;
				CLANG_WARN_CONSTANT_CONVERSION = YES;
				CLANG_WARN_DEPRECATED_OBJC_IMPLEMENTATIONS = YES;
				CLANG_WARN_DIRECT_OBJC_ISA_USAGE = YES_ERROR;
				CLANG_WARN_DOCUMENTATION_COMMENTS = YES;
				CLANG_WARN_EMPTY_BODY = YES;
				CLANG_WARN_ENUM_CONVERSION = YES;
				CLANG_WARN_INFINITE_RECURSION = YES;
				CLANG_WARN_INT_CONVERSION = YES;
				CLANG_WARN_NON_LITERAL_NULL_CONVERSION = YES;
				CLANG_WARN_OBJC_IMPLICIT_RETAIN_SELF = YES;
				CLANG_WARN_OBJC_LITERAL_CONVERSION = YES;
				CLANG_WARN_OBJC_ROOT_CLASS = YES_ERROR;
				CLANG_WARN_RANGE_LOOP_ANALYSIS = YES;
				CLANG_WARN_STRICT_PROTOTYPES = YES;
				CLANG_WARN_SUSPICIOUS_MOVE = YES;
				CLANG_WARN_UNGUARDED_AVAILABILITY = YES_AGGRESSIVE;
				CLANG_WARN_UNREACHABLE_CODE = YES;
				CLANG_WARN__DUPLICATE_METHOD_MATCH = YES;
				CODE_SIGN_IDENTITY = "iPhone Developer";
				COPY_PHASE_STRIP = NO;
				CURRENT_PROJECT_VERSION = 1;
				DEBUG_INFORMATION_FORMAT = dwarf;
				ENABLE_STRICT_OBJC_MSGSEND = YES;
				ENABLE_TESTABILITY = YES;
				GCC_C_LANGUAGE_STANDARD = gnu11;
				GCC_DYNAMIC_NO_PIC = NO;
				GCC_NO_COMMON_BLOCKS = YES;
				GCC_OPTIMIZATION_LEVEL = 0;
				GCC_PREPROCESSOR_DEFINITIONS = (
					"DEBUG=1",
					"$(inherited)",
				);
				GCC_WARN_64_TO_32_BIT_CONVERSION = YES;
				GCC_WARN_ABOUT_RETURN_TYPE = YES_ERROR;
				GCC_WARN_UNDECLARED_SELECTOR = YES;
				GCC_WARN_UNINITIALIZED_AUTOS = YES_AGGRESSIVE;
				GCC_WARN_UNUSED_FUNCTION = YES;
				GCC_WARN_UNUSED_VARIABLE = YES;
				IPHONEOS_DEPLOYMENT_TARGET = 9.3;
				MTL_ENABLE_DEBUG_INFO = INCLUDE_SOURCE;
				MTL_FAST_MATH = YES;
				ONLY_ACTIVE_ARCH = YES;
				SDKROOT = iphoneos;
				SWIFT_ACTIVE_COMPILATION_CONDITIONS = DEBUG;
				SWIFT_OPTIMIZATION_LEVEL = "-Onone";
				VERSIONING_SYSTEM = "apple-generic";
				VERSION_INFO_PREFIX = "";
			};
			name = Debug;
		};
		788D5F17215ACD3100522904 /* Release */ = {
			isa = XCBuildConfiguration;
			buildSettings = {
				ALWAYS_SEARCH_USER_PATHS = NO;
				CLANG_ANALYZER_NONNULL = YES;
				CLANG_ANALYZER_NUMBER_OBJECT_CONVERSION = YES_AGGRESSIVE;
				CLANG_CXX_LANGUAGE_STANDARD = "gnu++14";
				CLANG_CXX_LIBRARY = "libc++";
				CLANG_ENABLE_MODULES = YES;
				CLANG_ENABLE_OBJC_ARC = YES;
				CLANG_ENABLE_OBJC_WEAK = YES;
				CLANG_WARN_BLOCK_CAPTURE_AUTORELEASING = YES;
				CLANG_WARN_BOOL_CONVERSION = YES;
				CLANG_WARN_COMMA = YES;
				CLANG_WARN_CONSTANT_CONVERSION = YES;
				CLANG_WARN_DEPRECATED_OBJC_IMPLEMENTATIONS = YES;
				CLANG_WARN_DIRECT_OBJC_ISA_USAGE = YES_ERROR;
				CLANG_WARN_DOCUMENTATION_COMMENTS = YES;
				CLANG_WARN_EMPTY_BODY = YES;
				CLANG_WARN_ENUM_CONVERSION = YES;
				CLANG_WARN_INFINITE_RECURSION = YES;
				CLANG_WARN_INT_CONVERSION = YES;
				CLANG_WARN_NON_LITERAL_NULL_CONVERSION = YES;
				CLANG_WARN_OBJC_IMPLICIT_RETAIN_SELF = YES;
				CLANG_WARN_OBJC_LITERAL_CONVERSION = YES;
				CLANG_WARN_OBJC_ROOT_CLASS = YES_ERROR;
				CLANG_WARN_RANGE_LOOP_ANALYSIS = YES;
				CLANG_WARN_STRICT_PROTOTYPES = YES;
				CLANG_WARN_SUSPICIOUS_MOVE = YES;
				CLANG_WARN_UNGUARDED_AVAILABILITY = YES_AGGRESSIVE;
				CLANG_WARN_UNREACHABLE_CODE = YES;
				CLANG_WARN__DUPLICATE_METHOD_MATCH = YES;
				CODE_SIGN_IDENTITY = "iPhone Developer";
				COPY_PHASE_STRIP = NO;
				CURRENT_PROJECT_VERSION = 1;
				DEBUG_INFORMATION_FORMAT = "dwarf-with-dsym";
				ENABLE_NS_ASSERTIONS = NO;
				ENABLE_STRICT_OBJC_MSGSEND = YES;
				GCC_C_LANGUAGE_STANDARD = gnu11;
				GCC_NO_COMMON_BLOCKS = YES;
				GCC_WARN_64_TO_32_BIT_CONVERSION = YES;
				GCC_WARN_ABOUT_RETURN_TYPE = YES_ERROR;
				GCC_WARN_UNDECLARED_SELECTOR = YES;
				GCC_WARN_UNINITIALIZED_AUTOS = YES_AGGRESSIVE;
				GCC_WARN_UNUSED_FUNCTION = YES;
				GCC_WARN_UNUSED_VARIABLE = YES;
				IPHONEOS_DEPLOYMENT_TARGET = 9.3;
				MTL_ENABLE_DEBUG_INFO = NO;
				MTL_FAST_MATH = YES;
				SDKROOT = iphoneos;
				SWIFT_COMPILATION_MODE = wholemodule;
				SWIFT_OPTIMIZATION_LEVEL = "-O";
				VALIDATE_PRODUCT = YES;
				VERSIONING_SYSTEM = "apple-generic";
				VERSION_INFO_PREFIX = "";
			};
			name = Release;
		};
		788D5F19215ACD3100522904 /* Debug */ = {
			isa = XCBuildConfiguration;
			buildSettings = {
				CLANG_ENABLE_MODULES = YES;
				CODE_SIGN_IDENTITY = "";
				CODE_SIGN_STYLE = Manual;
				DEFINES_MODULE = YES;
				DEVELOPMENT_TEAM = "";
				DYLIB_COMPATIBILITY_VERSION = 1;
				DYLIB_CURRENT_VERSION = 1;
				DYLIB_INSTALL_NAME_BASE = "@rpath";
				INFOPLIST_FILE = JSONAPIModel/Info.plist;
				INSTALL_PATH = "$(LOCAL_LIBRARY_DIR)/Frameworks";
				LD_RUNPATH_SEARCH_PATHS = (
					"$(inherited)",
					"@executable_path/Frameworks",
					"@loader_path/Frameworks",
				);
				PRODUCT_BUNDLE_IDENTIFIER = envoy.JSONAPIModel;
				PRODUCT_NAME = JSONAPIModel;
				PROVISIONING_PROFILE_SPECIFIER = "";
				SKIP_INSTALL = YES;
				SWIFT_OPTIMIZATION_LEVEL = "-Onone";
				SWIFT_VERSION = 4.2;
				TARGETED_DEVICE_FAMILY = "1,2";
			};
			name = Debug;
		};
		788D5F1A215ACD3100522904 /* Release */ = {
			isa = XCBuildConfiguration;
			buildSettings = {
				CLANG_ENABLE_MODULES = YES;
				CODE_SIGN_IDENTITY = "";
				CODE_SIGN_STYLE = Manual;
				DEFINES_MODULE = YES;
				DEVELOPMENT_TEAM = "";
				DYLIB_COMPATIBILITY_VERSION = 1;
				DYLIB_CURRENT_VERSION = 1;
				DYLIB_INSTALL_NAME_BASE = "@rpath";
				INFOPLIST_FILE = JSONAPIModel/Info.plist;
				INSTALL_PATH = "$(LOCAL_LIBRARY_DIR)/Frameworks";
				LD_RUNPATH_SEARCH_PATHS = (
					"$(inherited)",
					"@executable_path/Frameworks",
					"@loader_path/Frameworks",
				);
				PRODUCT_BUNDLE_IDENTIFIER = envoy.JSONAPIModel;
				PRODUCT_NAME = JSONAPIModel;
				PROVISIONING_PROFILE_SPECIFIER = "";
				SKIP_INSTALL = YES;
				SWIFT_VERSION = 4.2;
				TARGETED_DEVICE_FAMILY = "1,2";
			};
			name = Release;
		};
		788D5F1C215ACD3100522904 /* Debug */ = {
			isa = XCBuildConfiguration;
			buildSettings = {
				ALWAYS_EMBED_SWIFT_STANDARD_LIBRARIES = YES;
				CODE_SIGN_STYLE = Automatic;
				DEVELOPMENT_TEAM = B35B3E8LE3;
				INFOPLIST_FILE = JSONAPIModelTests/Info.plist;
				LD_RUNPATH_SEARCH_PATHS = (
					"$(inherited)",
					"@executable_path/Frameworks",
					"@loader_path/Frameworks",
				);
				PRODUCT_BUNDLE_IDENTIFIER = envoy.JSONAPIModelTests;
				PRODUCT_NAME = "$(TARGET_NAME)";
				SWIFT_VERSION = 4.2;
				TARGETED_DEVICE_FAMILY = "1,2";
			};
			name = Debug;
		};
		788D5F1D215ACD3100522904 /* Release */ = {
			isa = XCBuildConfiguration;
			buildSettings = {
				ALWAYS_EMBED_SWIFT_STANDARD_LIBRARIES = YES;
				CODE_SIGN_STYLE = Automatic;
				DEVELOPMENT_TEAM = B35B3E8LE3;
				INFOPLIST_FILE = JSONAPIModelTests/Info.plist;
				LD_RUNPATH_SEARCH_PATHS = (
					"$(inherited)",
					"@executable_path/Frameworks",
					"@loader_path/Frameworks",
				);
				PRODUCT_BUNDLE_IDENTIFIER = envoy.JSONAPIModelTests;
				PRODUCT_NAME = "$(TARGET_NAME)";
				SWIFT_VERSION = 4.2;
				TARGETED_DEVICE_FAMILY = "1,2";
			};
			name = Release;
		};
/* End XCBuildConfiguration section */

/* Begin XCConfigurationList section */
		788D5EFE215ACD3100522904 /* Build configuration list for PBXProject "JSONAPIModel" */ = {
			isa = XCConfigurationList;
			buildConfigurations = (
				788D5F16215ACD3100522904 /* Debug */,
				788D5F17215ACD3100522904 /* Release */,
			);
			defaultConfigurationIsVisible = 0;
			defaultConfigurationName = Release;
		};
		788D5F18215ACD3100522904 /* Build configuration list for PBXNativeTarget "JSONAPIModel-iOS" */ = {
			isa = XCConfigurationList;
			buildConfigurations = (
				788D5F19215ACD3100522904 /* Debug */,
				788D5F1A215ACD3100522904 /* Release */,
			);
			defaultConfigurationIsVisible = 0;
			defaultConfigurationName = Release;
		};
		788D5F1B215ACD3100522904 /* Build configuration list for PBXNativeTarget "JSONAPIModel-iOSTests" */ = {
			isa = XCConfigurationList;
			buildConfigurations = (
				788D5F1C215ACD3100522904 /* Debug */,
				788D5F1D215ACD3100522904 /* Release */,
			);
			defaultConfigurationIsVisible = 0;
			defaultConfigurationName = Release;
		};
/* End XCConfigurationList section */
	};
	rootObject = 788D5EFB215ACD3100522904 /* Project object */;
}
